
Microsoft Visual Studio Solution File, Format Version 12.00
# Visual Studio 14
VisualStudioVersion = 14.0.25420.1
MinimumVisualStudioVersion = 10.0.40219.1
Project("{2150E333-8FDC-42A3-9474-1A3956D46DE8}") = ".nuget", ".nuget", "{70FD5A04-B4B2-4342-A33F-6C4BA7579C35}"
	ProjectSection(SolutionItems) = preProject
		.nuget\packages.config = .nuget\packages.config
	EndProjectSection
EndProject
Project("{FAE04EC0-301F-11D3-BF4B-00C04F79EFBC}") = "RobotControl", "RobotControl\RobotControl.csproj", "{D6319095-4A9F-409C-8D46-2E77A6C49D29}"
EndProject
Project("{7CF6DF6D-3B04-46F8-A40B-537D21BCA0B4}") = "Documentation", "Documentation\Documentation.shfbproj", "{2B20F519-90D1-4E38-B6ED-5F7FF816690E}"
	ProjectSection(ProjectDependencies) = postProject
		{D6319095-4A9F-409C-8D46-2E77A6C49D29} = {D6319095-4A9F-409C-8D46-2E77A6C49D29}
	EndProjectSection
EndProject
Project("{FAE04EC0-301F-11D3-BF4B-00C04F79EFBC}") = "RobotApp", "RobotApp\RobotApp.csproj", "{7A26EE99-0175-4D5B-B3FF-BA6492C4B83F}"
	ProjectSection(ProjectDependencies) = postProject
		{4E98BCE1-36B4-4D54-B79C-4E3A98DAEC86} = {4E98BCE1-36B4-4D54-B79C-4E3A98DAEC86}
	EndProjectSection
EndProject
Project("{FAE04EC0-301F-11D3-BF4B-00C04F79EFBC}") = "Kinematics", "Kinematics\Kinematics.csproj", "{E7F48141-A2F7-4BC4-9098-1BAB46B0C659}"
EndProject
Project("{8BC9CEB8-8B4A-11D0-8D11-00A0C91BC942}") = "GeomagicTouch", "GeomagicTouch\GeomagicTouch.vcxproj", "{BD2FD765-4D8E-462B-B1FD-F1F793BD8416}"
EndProject
Project("{FAE04EC0-301F-11D3-BF4B-00C04F79EFBC}") = "TelSurge", "TelSurge\TelSurge\TelSurge.csproj", "{4E98BCE1-36B4-4D54-B79C-4E3A98DAEC86}"
EndProject
Project("{8BC9CEB8-8B4A-11D0-8D11-00A0C91BC942}") = "SerialPortPacketTransport", "SerialPortPacketTransport\SerialPortPacketTransport.vcxproj", "{0250B2DE-2B71-44FF-95B4-1F72672BAA2E}"
EndProject
Project("{FAE04EC0-301F-11D3-BF4B-00C04F79EFBC}") = "path-generation", "path-generation\path-generation.csproj", "{59C4E61F-E753-4EFC-8757-0D4E00DEB1D9}"
EndProject
Global
	GlobalSection(SolutionConfigurationPlatforms) = preSolution
		Debug|Any CPU = Debug|Any CPU
		Debug|Mixed Platforms = Debug|Mixed Platforms
		Debug|Win32 = Debug|Win32
		Debug|x64 = Debug|x64
		DebugMono|Any CPU = DebugMono|Any CPU
		DebugMono|Mixed Platforms = DebugMono|Mixed Platforms
		DebugMono|Win32 = DebugMono|Win32
		DebugMono|x64 = DebugMono|x64
		DebugWin32|Any CPU = DebugWin32|Any CPU
		DebugWin32|Mixed Platforms = DebugWin32|Mixed Platforms
		DebugWin32|Win32 = DebugWin32|Win32
		DebugWin32|x64 = DebugWin32|x64
		Release|Any CPU = Release|Any CPU
		Release|Mixed Platforms = Release|Mixed Platforms
		Release|Win32 = Release|Win32
		Release|x64 = Release|x64
	EndGlobalSection
	GlobalSection(ProjectConfigurationPlatforms) = postSolution
		{D6319095-4A9F-409C-8D46-2E77A6C49D29}.Debug|Any CPU.ActiveCfg = Debug|Any CPU
		{D6319095-4A9F-409C-8D46-2E77A6C49D29}.Debug|Any CPU.Build.0 = Debug|Any CPU
		{D6319095-4A9F-409C-8D46-2E77A6C49D29}.Debug|Mixed Platforms.ActiveCfg = Debug|Any CPU
		{D6319095-4A9F-409C-8D46-2E77A6C49D29}.Debug|Mixed Platforms.Build.0 = Debug|Any CPU
		{D6319095-4A9F-409C-8D46-2E77A6C49D29}.Debug|Win32.ActiveCfg = Debug|Any CPU
		{D6319095-4A9F-409C-8D46-2E77A6C49D29}.Debug|x64.ActiveCfg = Debug|Any CPU
		{D6319095-4A9F-409C-8D46-2E77A6C49D29}.Debug|x64.Build.0 = Debug|Any CPU
		{D6319095-4A9F-409C-8D46-2E77A6C49D29}.DebugMono|Any CPU.ActiveCfg = Debug|Any CPU
		{D6319095-4A9F-409C-8D46-2E77A6C49D29}.DebugMono|Any CPU.Build.0 = Debug|Any CPU
		{D6319095-4A9F-409C-8D46-2E77A6C49D29}.DebugMono|Mixed Platforms.ActiveCfg = Debug|Any CPU
		{D6319095-4A9F-409C-8D46-2E77A6C49D29}.DebugMono|Mixed Platforms.Build.0 = Debug|Any CPU
		{D6319095-4A9F-409C-8D46-2E77A6C49D29}.DebugMono|Win32.ActiveCfg = Debug|Any CPU
		{D6319095-4A9F-409C-8D46-2E77A6C49D29}.DebugMono|x64.ActiveCfg = Debug|Any CPU
		{D6319095-4A9F-409C-8D46-2E77A6C49D29}.DebugWin32|Any CPU.ActiveCfg = Debug|Any CPU
		{D6319095-4A9F-409C-8D46-2E77A6C49D29}.DebugWin32|Any CPU.Build.0 = Debug|Any CPU
		{D6319095-4A9F-409C-8D46-2E77A6C49D29}.DebugWin32|Mixed Platforms.ActiveCfg = Debug|Any CPU
		{D6319095-4A9F-409C-8D46-2E77A6C49D29}.DebugWin32|Mixed Platforms.Build.0 = Debug|Any CPU
		{D6319095-4A9F-409C-8D46-2E77A6C49D29}.DebugWin32|Win32.ActiveCfg = Debug|Any CPU
		{D6319095-4A9F-409C-8D46-2E77A6C49D29}.DebugWin32|x64.ActiveCfg = Debug|Any CPU
		{D6319095-4A9F-409C-8D46-2E77A6C49D29}.Release|Any CPU.ActiveCfg = Release|Any CPU
		{D6319095-4A9F-409C-8D46-2E77A6C49D29}.Release|Any CPU.Build.0 = Release|Any CPU
		{D6319095-4A9F-409C-8D46-2E77A6C49D29}.Release|Mixed Platforms.ActiveCfg = Release|Any CPU
		{D6319095-4A9F-409C-8D46-2E77A6C49D29}.Release|Mixed Platforms.Build.0 = Release|Any CPU
		{D6319095-4A9F-409C-8D46-2E77A6C49D29}.Release|Win32.ActiveCfg = Release|Any CPU
		{D6319095-4A9F-409C-8D46-2E77A6C49D29}.Release|x64.ActiveCfg = Release|Any CPU
		{2B20F519-90D1-4E38-B6ED-5F7FF816690E}.Debug|Any CPU.ActiveCfg = Debug|Any CPU
		{2B20F519-90D1-4E38-B6ED-5F7FF816690E}.Debug|Mixed Platforms.ActiveCfg = Debug|Any CPU
		{2B20F519-90D1-4E38-B6ED-5F7FF816690E}.Debug|Win32.ActiveCfg = Debug|Any CPU
		{2B20F519-90D1-4E38-B6ED-5F7FF816690E}.Debug|x64.ActiveCfg = Debug|Any CPU
		{2B20F519-90D1-4E38-B6ED-5F7FF816690E}.DebugMono|Any CPU.ActiveCfg = Debug|Any CPU
		{2B20F519-90D1-4E38-B6ED-5F7FF816690E}.DebugMono|Any CPU.Build.0 = Debug|Any CPU
		{2B20F519-90D1-4E38-B6ED-5F7FF816690E}.DebugMono|Mixed Platforms.ActiveCfg = Debug|Any CPU
		{2B20F519-90D1-4E38-B6ED-5F7FF816690E}.DebugMono|Mixed Platforms.Build.0 = Debug|Any CPU
		{2B20F519-90D1-4E38-B6ED-5F7FF816690E}.DebugMono|Win32.ActiveCfg = Debug|Any CPU
		{2B20F519-90D1-4E38-B6ED-5F7FF816690E}.DebugMono|x64.ActiveCfg = Debug|Any CPU
		{2B20F519-90D1-4E38-B6ED-5F7FF816690E}.DebugWin32|Any CPU.ActiveCfg = Debug|Any CPU
		{2B20F519-90D1-4E38-B6ED-5F7FF816690E}.DebugWin32|Any CPU.Build.0 = Debug|Any CPU
		{2B20F519-90D1-4E38-B6ED-5F7FF816690E}.DebugWin32|Mixed Platforms.ActiveCfg = Debug|Any CPU
		{2B20F519-90D1-4E38-B6ED-5F7FF816690E}.DebugWin32|Mixed Platforms.Build.0 = Debug|Any CPU
		{2B20F519-90D1-4E38-B6ED-5F7FF816690E}.DebugWin32|Win32.ActiveCfg = Debug|Any CPU
		{2B20F519-90D1-4E38-B6ED-5F7FF816690E}.DebugWin32|x64.ActiveCfg = Debug|Any CPU
		{2B20F519-90D1-4E38-B6ED-5F7FF816690E}.Release|Any CPU.ActiveCfg = Release|Any CPU
		{2B20F519-90D1-4E38-B6ED-5F7FF816690E}.Release|Any CPU.Build.0 = Release|Any CPU
		{2B20F519-90D1-4E38-B6ED-5F7FF816690E}.Release|Mixed Platforms.ActiveCfg = Release|Any CPU
		{2B20F519-90D1-4E38-B6ED-5F7FF816690E}.Release|Mixed Platforms.Build.0 = Release|Any CPU
		{2B20F519-90D1-4E38-B6ED-5F7FF816690E}.Release|Win32.ActiveCfg = Release|Any CPU
		{2B20F519-90D1-4E38-B6ED-5F7FF816690E}.Release|x64.ActiveCfg = Release|Any CPU
		{7A26EE99-0175-4D5B-B3FF-BA6492C4B83F}.Debug|Any CPU.ActiveCfg = Debug|Any CPU
		{7A26EE99-0175-4D5B-B3FF-BA6492C4B83F}.Debug|Any CPU.Build.0 = Debug|Any CPU
		{7A26EE99-0175-4D5B-B3FF-BA6492C4B83F}.Debug|Mixed Platforms.ActiveCfg = Debug|Any CPU
		{7A26EE99-0175-4D5B-B3FF-BA6492C4B83F}.Debug|Mixed Platforms.Build.0 = Debug|Any CPU
		{7A26EE99-0175-4D5B-B3FF-BA6492C4B83F}.Debug|Win32.ActiveCfg = Debug|Any CPU
		{7A26EE99-0175-4D5B-B3FF-BA6492C4B83F}.Debug|x64.ActiveCfg = Debug|Any CPU
		{7A26EE99-0175-4D5B-B3FF-BA6492C4B83F}.Debug|x64.Build.0 = Debug|Any CPU
		{7A26EE99-0175-4D5B-B3FF-BA6492C4B83F}.DebugMono|Any CPU.ActiveCfg = Debug|Any CPU
		{7A26EE99-0175-4D5B-B3FF-BA6492C4B83F}.DebugMono|Any CPU.Build.0 = Debug|Any CPU
		{7A26EE99-0175-4D5B-B3FF-BA6492C4B83F}.DebugMono|Mixed Platforms.ActiveCfg = Debug|Any CPU
		{7A26EE99-0175-4D5B-B3FF-BA6492C4B83F}.DebugMono|Mixed Platforms.Build.0 = Debug|Any CPU
		{7A26EE99-0175-4D5B-B3FF-BA6492C4B83F}.DebugMono|Win32.ActiveCfg = Debug|Any CPU
		{7A26EE99-0175-4D5B-B3FF-BA6492C4B83F}.DebugMono|x64.ActiveCfg = Debug|Any CPU
		{7A26EE99-0175-4D5B-B3FF-BA6492C4B83F}.DebugWin32|Any CPU.ActiveCfg = Debug|Any CPU
		{7A26EE99-0175-4D5B-B3FF-BA6492C4B83F}.DebugWin32|Any CPU.Build.0 = Debug|Any CPU
		{7A26EE99-0175-4D5B-B3FF-BA6492C4B83F}.DebugWin32|Mixed Platforms.ActiveCfg = Debug|Any CPU
		{7A26EE99-0175-4D5B-B3FF-BA6492C4B83F}.DebugWin32|Mixed Platforms.Build.0 = Debug|Any CPU
		{7A26EE99-0175-4D5B-B3FF-BA6492C4B83F}.DebugWin32|Win32.ActiveCfg = Debug|Any CPU
		{7A26EE99-0175-4D5B-B3FF-BA6492C4B83F}.DebugWin32|x64.ActiveCfg = Debug|Any CPU
		{7A26EE99-0175-4D5B-B3FF-BA6492C4B83F}.Release|Any CPU.ActiveCfg = Release|Any CPU
		{7A26EE99-0175-4D5B-B3FF-BA6492C4B83F}.Release|Any CPU.Build.0 = Release|Any CPU
		{7A26EE99-0175-4D5B-B3FF-BA6492C4B83F}.Release|Mixed Platforms.ActiveCfg = Release|Any CPU
		{7A26EE99-0175-4D5B-B3FF-BA6492C4B83F}.Release|Mixed Platforms.Build.0 = Release|Any CPU
		{7A26EE99-0175-4D5B-B3FF-BA6492C4B83F}.Release|Win32.ActiveCfg = Release|Any CPU
		{7A26EE99-0175-4D5B-B3FF-BA6492C4B83F}.Release|x64.ActiveCfg = Release|Any CPU
		{E7F48141-A2F7-4BC4-9098-1BAB46B0C659}.Debug|Any CPU.ActiveCfg = Debug|Any CPU
		{E7F48141-A2F7-4BC4-9098-1BAB46B0C659}.Debug|Any CPU.Build.0 = Debug|Any CPU
		{E7F48141-A2F7-4BC4-9098-1BAB46B0C659}.Debug|Mixed Platforms.ActiveCfg = Debug|Any CPU
		{E7F48141-A2F7-4BC4-9098-1BAB46B0C659}.Debug|Mixed Platforms.Build.0 = Debug|Any CPU
		{E7F48141-A2F7-4BC4-9098-1BAB46B0C659}.Debug|Win32.ActiveCfg = Debug|Any CPU
		{E7F48141-A2F7-4BC4-9098-1BAB46B0C659}.Debug|x64.ActiveCfg = Debug|Any CPU
		{E7F48141-A2F7-4BC4-9098-1BAB46B0C659}.Debug|x64.Build.0 = Debug|Any CPU
		{E7F48141-A2F7-4BC4-9098-1BAB46B0C659}.DebugMono|Any CPU.ActiveCfg = Debug|Any CPU
		{E7F48141-A2F7-4BC4-9098-1BAB46B0C659}.DebugMono|Any CPU.Build.0 = Debug|Any CPU
		{E7F48141-A2F7-4BC4-9098-1BAB46B0C659}.DebugMono|Mixed Platforms.ActiveCfg = Debug|Any CPU
		{E7F48141-A2F7-4BC4-9098-1BAB46B0C659}.DebugMono|Mixed Platforms.Build.0 = Debug|Any CPU
		{E7F48141-A2F7-4BC4-9098-1BAB46B0C659}.DebugMono|Win32.ActiveCfg = Debug|Any CPU
		{E7F48141-A2F7-4BC4-9098-1BAB46B0C659}.DebugMono|x64.ActiveCfg = Debug|Any CPU
		{E7F48141-A2F7-4BC4-9098-1BAB46B0C659}.DebugWin32|Any CPU.ActiveCfg = Debug|Any CPU
		{E7F48141-A2F7-4BC4-9098-1BAB46B0C659}.DebugWin32|Any CPU.Build.0 = Debug|Any CPU
		{E7F48141-A2F7-4BC4-9098-1BAB46B0C659}.DebugWin32|Mixed Platforms.ActiveCfg = Debug|Any CPU
		{E7F48141-A2F7-4BC4-9098-1BAB46B0C659}.DebugWin32|Mixed Platforms.Build.0 = Debug|Any CPU
		{E7F48141-A2F7-4BC4-9098-1BAB46B0C659}.DebugWin32|Win32.ActiveCfg = Debug|Any CPU
		{E7F48141-A2F7-4BC4-9098-1BAB46B0C659}.DebugWin32|x64.ActiveCfg = Debug|Any CPU
		{E7F48141-A2F7-4BC4-9098-1BAB46B0C659}.Release|Any CPU.ActiveCfg = Release|Any CPU
		{E7F48141-A2F7-4BC4-9098-1BAB46B0C659}.Release|Any CPU.Build.0 = Release|Any CPU
		{E7F48141-A2F7-4BC4-9098-1BAB46B0C659}.Release|Mixed Platforms.ActiveCfg = Release|Any CPU
		{E7F48141-A2F7-4BC4-9098-1BAB46B0C659}.Release|Mixed Platforms.Build.0 = Release|Any CPU
		{E7F48141-A2F7-4BC4-9098-1BAB46B0C659}.Release|Win32.ActiveCfg = Release|Any CPU
		{E7F48141-A2F7-4BC4-9098-1BAB46B0C659}.Release|x64.ActiveCfg = Release|Any CPU
		{BD2FD765-4D8E-462B-B1FD-F1F793BD8416}.Debug|Any CPU.ActiveCfg = Debug|Win32
		{BD2FD765-4D8E-462B-B1FD-F1F793BD8416}.Debug|Mixed Platforms.ActiveCfg = Debug|x64
		{BD2FD765-4D8E-462B-B1FD-F1F793BD8416}.Debug|Mixed Platforms.Build.0 = Debug|x64
		{BD2FD765-4D8E-462B-B1FD-F1F793BD8416}.Debug|Win32.ActiveCfg = Debug|Win32
		{BD2FD765-4D8E-462B-B1FD-F1F793BD8416}.Debug|Win32.Build.0 = Debug|Win32
		{BD2FD765-4D8E-462B-B1FD-F1F793BD8416}.Debug|x64.ActiveCfg = Debug|x64
		{BD2FD765-4D8E-462B-B1FD-F1F793BD8416}.Debug|x64.Build.0 = Debug|x64
		{BD2FD765-4D8E-462B-B1FD-F1F793BD8416}.DebugMono|Any CPU.ActiveCfg = Debug|Win32
		{BD2FD765-4D8E-462B-B1FD-F1F793BD8416}.DebugMono|Mixed Platforms.ActiveCfg = Debug|Win32
		{BD2FD765-4D8E-462B-B1FD-F1F793BD8416}.DebugMono|Mixed Platforms.Build.0 = Debug|Win32
		{BD2FD765-4D8E-462B-B1FD-F1F793BD8416}.DebugMono|Win32.ActiveCfg = Debug|Win32
		{BD2FD765-4D8E-462B-B1FD-F1F793BD8416}.DebugMono|Win32.Build.0 = Debug|Win32
		{BD2FD765-4D8E-462B-B1FD-F1F793BD8416}.DebugMono|x64.ActiveCfg = Debug|x64
		{BD2FD765-4D8E-462B-B1FD-F1F793BD8416}.DebugMono|x64.Build.0 = Debug|x64
		{BD2FD765-4D8E-462B-B1FD-F1F793BD8416}.DebugWin32|Any CPU.ActiveCfg = Debug|Win32
		{BD2FD765-4D8E-462B-B1FD-F1F793BD8416}.DebugWin32|Mixed Platforms.ActiveCfg = Debug|Win32
		{BD2FD765-4D8E-462B-B1FD-F1F793BD8416}.DebugWin32|Mixed Platforms.Build.0 = Debug|Win32
		{BD2FD765-4D8E-462B-B1FD-F1F793BD8416}.DebugWin32|Win32.ActiveCfg = Debug|Win32
		{BD2FD765-4D8E-462B-B1FD-F1F793BD8416}.DebugWin32|Win32.Build.0 = Debug|Win32
		{BD2FD765-4D8E-462B-B1FD-F1F793BD8416}.DebugWin32|x64.ActiveCfg = Debug|x64
		{BD2FD765-4D8E-462B-B1FD-F1F793BD8416}.DebugWin32|x64.Build.0 = Debug|x64
		{BD2FD765-4D8E-462B-B1FD-F1F793BD8416}.Release|Any CPU.ActiveCfg = Release|Win32
		{BD2FD765-4D8E-462B-B1FD-F1F793BD8416}.Release|Mixed Platforms.ActiveCfg = Release|Win32
		{BD2FD765-4D8E-462B-B1FD-F1F793BD8416}.Release|Mixed Platforms.Build.0 = Release|Win32
		{BD2FD765-4D8E-462B-B1FD-F1F793BD8416}.Release|Win32.ActiveCfg = Release|Win32
		{BD2FD765-4D8E-462B-B1FD-F1F793BD8416}.Release|Win32.Build.0 = Release|Win32
		{BD2FD765-4D8E-462B-B1FD-F1F793BD8416}.Release|x64.ActiveCfg = Release|x64
		{BD2FD765-4D8E-462B-B1FD-F1F793BD8416}.Release|x64.Build.0 = Release|x64
		{4E98BCE1-36B4-4D54-B79C-4E3A98DAEC86}.Debug|Any CPU.ActiveCfg = Debug|Any CPU
		{4E98BCE1-36B4-4D54-B79C-4E3A98DAEC86}.Debug|Any CPU.Build.0 = Debug|Any CPU
		{4E98BCE1-36B4-4D54-B79C-4E3A98DAEC86}.Debug|Mixed Platforms.ActiveCfg = Debug|Any CPU
		{4E98BCE1-36B4-4D54-B79C-4E3A98DAEC86}.Debug|Mixed Platforms.Build.0 = Debug|Any CPU
		{4E98BCE1-36B4-4D54-B79C-4E3A98DAEC86}.Debug|Win32.ActiveCfg = Debug|Any CPU
		{4E98BCE1-36B4-4D54-B79C-4E3A98DAEC86}.Debug|x64.ActiveCfg = Debug|Any CPU
		{4E98BCE1-36B4-4D54-B79C-4E3A98DAEC86}.DebugMono|Any CPU.ActiveCfg = Debug|Any CPU
		{4E98BCE1-36B4-4D54-B79C-4E3A98DAEC86}.DebugMono|Any CPU.Build.0 = Debug|Any CPU
		{4E98BCE1-36B4-4D54-B79C-4E3A98DAEC86}.DebugMono|Mixed Platforms.ActiveCfg = Debug|Any CPU
		{4E98BCE1-36B4-4D54-B79C-4E3A98DAEC86}.DebugMono|Mixed Platforms.Build.0 = Debug|Any CPU
		{4E98BCE1-36B4-4D54-B79C-4E3A98DAEC86}.DebugMono|Win32.ActiveCfg = Debug|Any CPU
		{4E98BCE1-36B4-4D54-B79C-4E3A98DAEC86}.DebugMono|x64.ActiveCfg = Debug|Any CPU
		{4E98BCE1-36B4-4D54-B79C-4E3A98DAEC86}.DebugWin32|Any CPU.ActiveCfg = Debug|Any CPU
		{4E98BCE1-36B4-4D54-B79C-4E3A98DAEC86}.DebugWin32|Any CPU.Build.0 = Debug|Any CPU
		{4E98BCE1-36B4-4D54-B79C-4E3A98DAEC86}.DebugWin32|Mixed Platforms.ActiveCfg = Debug|Any CPU
		{4E98BCE1-36B4-4D54-B79C-4E3A98DAEC86}.DebugWin32|Mixed Platforms.Build.0 = Debug|Any CPU
		{4E98BCE1-36B4-4D54-B79C-4E3A98DAEC86}.DebugWin32|Win32.ActiveCfg = Debug|Any CPU
		{4E98BCE1-36B4-4D54-B79C-4E3A98DAEC86}.DebugWin32|x64.ActiveCfg = Debug|Any CPU
		{4E98BCE1-36B4-4D54-B79C-4E3A98DAEC86}.Release|Any CPU.ActiveCfg = Release|Any CPU
		{4E98BCE1-36B4-4D54-B79C-4E3A98DAEC86}.Release|Any CPU.Build.0 = Release|Any CPU
		{4E98BCE1-36B4-4D54-B79C-4E3A98DAEC86}.Release|Mixed Platforms.ActiveCfg = Release|Any CPU
		{4E98BCE1-36B4-4D54-B79C-4E3A98DAEC86}.Release|Mixed Platforms.Build.0 = Release|Any CPU
		{4E98BCE1-36B4-4D54-B79C-4E3A98DAEC86}.Release|Win32.ActiveCfg = Release|Any CPU
		{4E98BCE1-36B4-4D54-B79C-4E3A98DAEC86}.Release|x64.ActiveCfg = Release|Any CPU
		{0250B2DE-2B71-44FF-95B4-1F72672BAA2E}.Debug|Any CPU.ActiveCfg = Debug|Win32
		{0250B2DE-2B71-44FF-95B4-1F72672BAA2E}.Debug|Mixed Platforms.ActiveCfg = Debug|x64
		{0250B2DE-2B71-44FF-95B4-1F72672BAA2E}.Debug|Mixed Platforms.Build.0 = Debug|x64
		{0250B2DE-2B71-44FF-95B4-1F72672BAA2E}.Debug|Win32.ActiveCfg = Debug|Win32
		{0250B2DE-2B71-44FF-95B4-1F72672BAA2E}.Debug|Win32.Build.0 = Debug|Win32
		{0250B2DE-2B71-44FF-95B4-1F72672BAA2E}.Debug|x64.ActiveCfg = Debug|Win32
		{0250B2DE-2B71-44FF-95B4-1F72672BAA2E}.DebugMono|Any CPU.ActiveCfg = Debug|Win32
		{0250B2DE-2B71-44FF-95B4-1F72672BAA2E}.DebugMono|Mixed Platforms.ActiveCfg = Debug|Win32
		{0250B2DE-2B71-44FF-95B4-1F72672BAA2E}.DebugMono|Mixed Platforms.Build.0 = Debug|Win32
		{0250B2DE-2B71-44FF-95B4-1F72672BAA2E}.DebugMono|Win32.ActiveCfg = Debug|Win32
		{0250B2DE-2B71-44FF-95B4-1F72672BAA2E}.DebugMono|Win32.Build.0 = Debug|Win32
		{0250B2DE-2B71-44FF-95B4-1F72672BAA2E}.DebugMono|x64.ActiveCfg = Debug|Win32
		{0250B2DE-2B71-44FF-95B4-1F72672BAA2E}.DebugWin32|Any CPU.ActiveCfg = Debug|Win32
		{0250B2DE-2B71-44FF-95B4-1F72672BAA2E}.DebugWin32|Mixed Platforms.ActiveCfg = Debug|Win32
		{0250B2DE-2B71-44FF-95B4-1F72672BAA2E}.DebugWin32|Mixed Platforms.Build.0 = Debug|Win32
		{0250B2DE-2B71-44FF-95B4-1F72672BAA2E}.DebugWin32|Win32.ActiveCfg = Debug|Win32
		{0250B2DE-2B71-44FF-95B4-1F72672BAA2E}.DebugWin32|Win32.Build.0 = Debug|Win32
		{0250B2DE-2B71-44FF-95B4-1F72672BAA2E}.DebugWin32|x64.ActiveCfg = Debug|Win32
		{0250B2DE-2B71-44FF-95B4-1F72672BAA2E}.Release|Any CPU.ActiveCfg = Release|Win32
		{0250B2DE-2B71-44FF-95B4-1F72672BAA2E}.Release|Mixed Platforms.ActiveCfg = Release|Win32
		{0250B2DE-2B71-44FF-95B4-1F72672BAA2E}.Release|Mixed Platforms.Build.0 = Release|Win32
		{0250B2DE-2B71-44FF-95B4-1F72672BAA2E}.Release|Win32.ActiveCfg = Release|Win32
		{0250B2DE-2B71-44FF-95B4-1F72672BAA2E}.Release|Win32.Build.0 = Release|Win32
		{0250B2DE-2B71-44FF-95B4-1F72672BAA2E}.Release|x64.ActiveCfg = Release|Win32
		{59C4E61F-E753-4EFC-8757-0D4E00DEB1D9}.Debug|Any CPU.ActiveCfg = Debug|Any CPU
		{59C4E61F-E753-4EFC-8757-0D4E00DEB1D9}.Debug|Any CPU.Build.0 = Debug|Any CPU
		{59C4E61F-E753-4EFC-8757-0D4E00DEB1D9}.Debug|Mixed Platforms.ActiveCfg = Debug|Any CPU
		{59C4E61F-E753-4EFC-8757-0D4E00DEB1D9}.Debug|Mixed Platforms.Build.0 = Debug|Any CPU
		{59C4E61F-E753-4EFC-8757-0D4E00DEB1D9}.Debug|Win32.ActiveCfg = Debug|Any CPU
		{59C4E61F-E753-4EFC-8757-0D4E00DEB1D9}.Debug|Win32.Build.0 = Debug|Any CPU
		{59C4E61F-E753-4EFC-8757-0D4E00DEB1D9}.Debug|x64.ActiveCfg = Debug|Any CPU
		{59C4E61F-E753-4EFC-8757-0D4E00DEB1D9}.Debug|x64.Build.0 = Debug|Any CPU
		{59C4E61F-E753-4EFC-8757-0D4E00DEB1D9}.DebugMono|Any CPU.ActiveCfg = Debug|Any CPU
		{59C4E61F-E753-4EFC-8757-0D4E00DEB1D9}.DebugMono|Any CPU.Build.0 = Debug|Any CPU
		{59C4E61F-E753-4EFC-8757-0D4E00DEB1D9}.DebugMono|Mixed Platforms.ActiveCfg = Debug|Any CPU
		{59C4E61F-E753-4EFC-8757-0D4E00DEB1D9}.DebugMono|Mixed Platforms.Build.0 = Debug|Any CPU
		{59C4E61F-E753-4EFC-8757-0D4E00DEB1D9}.DebugMono|Win32.ActiveCfg = Debug|Any CPU
		{59C4E61F-E753-4EFC-8757-0D4E00DEB1D9}.DebugMono|Win32.Build.0 = Debug|Any CPU
		{59C4E61F-E753-4EFC-8757-0D4E00DEB1D9}.DebugMono|x64.ActiveCfg = Debug|Any CPU
		{59C4E61F-E753-4EFC-8757-0D4E00DEB1D9}.DebugMono|x64.Build.0 = Debug|Any CPU
		{59C4E61F-E753-4EFC-8757-0D4E00DEB1D9}.DebugWin32|Any CPU.ActiveCfg = Debug|Any CPU
		{59C4E61F-E753-4EFC-8757-0D4E00DEB1D9}.DebugWin32|Any CPU.Build.0 = Debug|Any CPU
		{59C4E61F-E753-4EFC-8757-0D4E00DEB1D9}.DebugWin32|Mixed Platforms.ActiveCfg = Debug|Any CPU
		{59C4E61F-E753-4EFC-8757-0D4E00DEB1D9}.DebugWin32|Mixed Platforms.Build.0 = Debug|Any CPU
		{59C4E61F-E753-4EFC-8757-0D4E00DEB1D9}.DebugWin32|Win32.ActiveCfg = Debug|Any CPU
		{59C4E61F-E753-4EFC-8757-0D4E00DEB1D9}.DebugWin32|Win32.Build.0 = Debug|Any CPU
		{59C4E61F-E753-4EFC-8757-0D4E00DEB1D9}.DebugWin32|x64.ActiveCfg = Debug|Any CPU
		{59C4E61F-E753-4EFC-8757-0D4E00DEB1D9}.DebugWin32|x64.Build.0 = Debug|Any CPU
		{59C4E61F-E753-4EFC-8757-0D4E00DEB1D9}.Release|Any CPU.ActiveCfg = Release|Any CPU
		{59C4E61F-E753-4EFC-8757-0D4E00DEB1D9}.Release|Any CPU.Build.0 = Release|Any CPU
		{59C4E61F-E753-4EFC-8757-0D4E00DEB1D9}.Release|Mixed Platforms.ActiveCfg = Release|Any CPU
		{59C4E61F-E753-4EFC-8757-0D4E00DEB1D9}.Release|Mixed Platforms.Build.0 = Release|Any CPU
		{59C4E61F-E753-4EFC-8757-0D4E00DEB1D9}.Release|Win32.ActiveCfg = Release|Any CPU
		{59C4E61F-E753-4EFC-8757-0D4E00DEB1D9}.Release|Win32.Build.0 = Release|Any CPU
		{59C4E61F-E753-4EFC-8757-0D4E00DEB1D9}.Release|x64.ActiveCfg = Release|Any CPU
		{59C4E61F-E753-4EFC-8757-0D4E00DEB1D9}.Release|x64.Build.0 = Release|Any CPU
	EndGlobalSection
	GlobalSection(SolutionProperties) = preSolution
		HideSolutionNode = FALSE
	EndGlobalSection
EndGlobal
