
Microsoft Visual Studio Solution File, Format Version 12.00
# Visual Studio 2013
VisualStudioVersion = 12.0.21005.1
MinimumVisualStudioVersion = 10.0.40219.1
Project("{FAE04EC0-301F-11D3-BF4B-00C04F79EFBC}") = "RobotControl", "RobotControl\RobotControl.csproj", "{D6319095-4A9F-409C-8D46-2E77A6C49D29}"
EndProject
Project("{7CF6DF6D-3B04-46F8-A40B-537D21BCA0B4}") = "Documentation", "Documentation\Documentation.shfbproj", "{2B20F519-90D1-4E38-B6ED-5F7FF816690E}"
	ProjectSection(ProjectDependencies) = postProject
		{D6319095-4A9F-409C-8D46-2E77A6C49D29} = {D6319095-4A9F-409C-8D46-2E77A6C49D29}
	EndProjectSection
EndProject
Project("{FAE04EC0-301F-11D3-BF4B-00C04F79EFBC}") = "RobotApp", "RobotApp\RobotApp.csproj", "{7A26EE99-0175-4D5B-B3FF-BA6492C4B83F}"
	ProjectSection(ProjectDependencies) = postProject
		{322B3B8F-7C48-46AB-A821-245C02A0549F} = {322B3B8F-7C48-46AB-A821-245C02A0549F}
		{774EFB9C-AA0B-4527-9546-0356CF425409} = {774EFB9C-AA0B-4527-9546-0356CF425409}
		{DF9BF2BC-87A1-4A15-88B2-98BAA68ABA65} = {DF9BF2BC-87A1-4A15-88B2-98BAA68ABA65}
		{4E98BCE1-36B4-4D54-B79C-4E3A98DAEC86} = {4E98BCE1-36B4-4D54-B79C-4E3A98DAEC86}
	EndProjectSection
EndProject
Project("{FAE04EC0-301F-11D3-BF4B-00C04F79EFBC}") = "Kinematics", "Kinematics\Kinematics.csproj", "{E7F48141-A2F7-4BC4-9098-1BAB46B0C659}"
EndProject
Project("{8BC9CEB8-8B4A-11D0-8D11-00A0C91BC942}") = "GeomagicTouch", "GeomagicTouch\GeomagicTouch.vcxproj", "{BD2FD765-4D8E-462B-B1FD-F1F793BD8416}"
EndProject
Project("{FAE04EC0-301F-11D3-BF4B-00C04F79EFBC}") = "TelSurge", "TelSurge\TelSurge\TelSurge.csproj", "{4E98BCE1-36B4-4D54-B79C-4E3A98DAEC86}"
EndProject
Project("{FAE04EC0-301F-11D3-BF4B-00C04F79EFBC}") = "path-generation", "path-generation\path-generation.csproj", "{59C4E61F-E753-4EFC-8757-0D4E00DEB1D9}"
EndProject
Project("{FAE04EC0-301F-11D3-BF4B-00C04F79EFBC}") = "remoteApiNETWrapper", "remoteApiNETWrapper-master\remoteApiNETWrapper.csproj", "{DF9BF2BC-87A1-4A15-88B2-98BAA68ABA65}"
EndProject
Project("{8BC9CEB8-8B4A-11D0-8D11-00A0C91BC942}") = "ForceDimension", "ForceDimension\ForceDimension.vcxproj", "{322B3B8F-7C48-46AB-A821-245C02A0549F}"
EndProject
Project("{8BC9CEB8-8B4A-11D0-8D11-00A0C91BC942}") = "RazerHydra", "RazerHydra\RazerHydra.vcxproj", "{774EFB9C-AA0B-4527-9546-0356CF425409}"
EndProject
Project("{FAE04EC0-301F-11D3-BF4B-00C04F79EFBC}") = "SerialPortPacketTransport", "SerialPortPacketTransport\SerialPortPacketTransport.csproj", "{46B44F14-1136-4729-B8BB-43DE0104180C}"
EndProject
Global
	GlobalSection(SolutionConfigurationPlatforms) = preSolution
		Debug|Any CPU = Debug|Any CPU
		Debug|Mixed Platforms = Debug|Mixed Platforms
		Debug|Win32 = Debug|Win32
		Debug|x64 = Debug|x64
		DebugMono|Any CPU = DebugMono|Any CPU
		DebugMono|Mixed Platforms = DebugMono|Mixed Platforms
		DebugMono|Win32 = DebugMono|Win32
		DebugMono|x64 = DebugMono|x64
		DebugWin32|Any CPU = DebugWin32|Any CPU
		DebugWin32|Mixed Platforms = DebugWin32|Mixed Platforms
		DebugWin32|Win32 = DebugWin32|Win32
		DebugWin32|x64 = DebugWin32|x64
		Release|Any CPU = Release|Any CPU
		Release|Mixed Platforms = Release|Mixed Platforms
		Release|Win32 = Release|Win32
		Release|x64 = Release|x64
	EndGlobalSection
	GlobalSection(ProjectConfigurationPlatforms) = postSolution
		{D6319095-4A9F-409C-8D46-2E77A6C49D29}.Debug|Any CPU.ActiveCfg = Debug|Any CPU
		{D6319095-4A9F-409C-8D46-2E77A6C49D29}.Debug|Any CPU.Build.0 = Debug|Any CPU
		{D6319095-4A9F-409C-8D46-2E77A6C49D29}.Debug|Mixed Platforms.ActiveCfg = Debug|Any CPU
		{D6319095-4A9F-409C-8D46-2E77A6C49D29}.Debug|Mixed Platforms.Build.0 = Debug|Any CPU
		{D6319095-4A9F-409C-8D46-2E77A6C49D29}.Debug|Win32.ActiveCfg = Debug|Any CPU
		{D6319095-4A9F-409C-8D46-2E77A6C49D29}.Debug|x64.ActiveCfg = Debug|Any CPU
		{D6319095-4A9F-409C-8D46-2E77A6C49D29}.Debug|x64.Build.0 = Debug|Any CPU
		{D6319095-4A9F-409C-8D46-2E77A6C49D29}.DebugMono|Any CPU.ActiveCfg = Debug|Any CPU
		{D6319095-4A9F-409C-8D46-2E77A6C49D29}.DebugMono|Any CPU.Build.0 = Debug|Any CPU
		{D6319095-4A9F-409C-8D46-2E77A6C49D29}.DebugMono|Mixed Platforms.ActiveCfg = Debug|Any CPU
		{D6319095-4A9F-409C-8D46-2E77A6C49D29}.DebugMono|Mixed Platforms.Build.0 = Debug|Any CPU
		{D6319095-4A9F-409C-8D46-2E77A6C49D29}.DebugMono|Win32.ActiveCfg = Debug|Any CPU
		{D6319095-4A9F-409C-8D46-2E77A6C49D29}.DebugMono|x64.ActiveCfg = Debug|Any CPU
		{D6319095-4A9F-409C-8D46-2E77A6C49D29}.DebugWin32|Any CPU.ActiveCfg = Debug|Any CPU
		{D6319095-4A9F-409C-8D46-2E77A6C49D29}.DebugWin32|Any CPU.Build.0 = Debug|Any CPU
		{D6319095-4A9F-409C-8D46-2E77A6C49D29}.DebugWin32|Mixed Platforms.ActiveCfg = Debug|Any CPU
		{D6319095-4A9F-409C-8D46-2E77A6C49D29}.DebugWin32|Mixed Platforms.Build.0 = Debug|Any CPU
		{D6319095-4A9F-409C-8D46-2E77A6C49D29}.DebugWin32|Win32.ActiveCfg = Debug|Any CPU
		{D6319095-4A9F-409C-8D46-2E77A6C49D29}.DebugWin32|x64.ActiveCfg = Debug|Any CPU
		{D6319095-4A9F-409C-8D46-2E77A6C49D29}.Release|Any CPU.ActiveCfg = Release|Any CPU
		{D6319095-4A9F-409C-8D46-2E77A6C49D29}.Release|Any CPU.Build.0 = Release|Any CPU
		{D6319095-4A9F-409C-8D46-2E77A6C49D29}.Release|Mixed Platforms.ActiveCfg = Release|Any CPU
		{D6319095-4A9F-409C-8D46-2E77A6C49D29}.Release|Mixed Platforms.Build.0 = Release|Any CPU
		{D6319095-4A9F-409C-8D46-2E77A6C49D29}.Release|Win32.ActiveCfg = Release|Any CPU
		{D6319095-4A9F-409C-8D46-2E77A6C49D29}.Release|x64.ActiveCfg = Release|Any CPU
		{2B20F519-90D1-4E38-B6ED-5F7FF816690E}.Debug|Any CPU.ActiveCfg = Debug|Any CPU
		{2B20F519-90D1-4E38-B6ED-5F7FF816690E}.Debug|Mixed Platforms.ActiveCfg = Debug|Any CPU
		{2B20F519-90D1-4E38-B6ED-5F7FF816690E}.Debug|Win32.ActiveCfg = Debug|Any CPU
		{2B20F519-90D1-4E38-B6ED-5F7FF816690E}.Debug|x64.ActiveCfg = Debug|Any CPU
		{2B20F519-90D1-4E38-B6ED-5F7FF816690E}.DebugMono|Any CPU.ActiveCfg = Debug|Any CPU
		{2B20F519-90D1-4E38-B6ED-5F7FF816690E}.DebugMono|Any CPU.Build.0 = Debug|Any CPU
		{2B20F519-90D1-4E38-B6ED-5F7FF816690E}.DebugMono|Mixed Platforms.ActiveCfg = Debug|Any CPU
		{2B20F519-90D1-4E38-B6ED-5F7FF816690E}.DebugMono|Mixed Platforms.Build.0 = Debug|Any CPU
		{2B20F519-90D1-4E38-B6ED-5F7FF816690E}.DebugMono|Win32.ActiveCfg = Debug|Any CPU
		{2B20F519-90D1-4E38-B6ED-5F7FF816690E}.DebugMono|x64.ActiveCfg = Debug|Any CPU
		{2B20F519-90D1-4E38-B6ED-5F7FF816690E}.DebugWin32|Any CPU.ActiveCfg = Debug|Any CPU
		{2B20F519-90D1-4E38-B6ED-5F7FF816690E}.DebugWin32|Any CPU.Build.0 = Debug|Any CPU
		{2B20F519-90D1-4E38-B6ED-5F7FF816690E}.DebugWin32|Mixed Platforms.ActiveCfg = Debug|Any CPU
		{2B20F519-90D1-4E38-B6ED-5F7FF816690E}.DebugWin32|Mixed Platforms.Build.0 = Debug|Any CPU
		{2B20F519-90D1-4E38-B6ED-5F7FF816690E}.DebugWin32|Win32.ActiveCfg = Debug|Any CPU
		{2B20F519-90D1-4E38-B6ED-5F7FF816690E}.DebugWin32|x64.ActiveCfg = Debug|Any CPU
		{2B20F519-90D1-4E38-B6ED-5F7FF816690E}.Release|Any CPU.ActiveCfg = Release|Any CPU
		{2B20F519-90D1-4E38-B6ED-5F7FF816690E}.Release|Any CPU.Build.0 = Release|Any CPU
		{2B20F519-90D1-4E38-B6ED-5F7FF816690E}.Release|Mixed Platforms.ActiveCfg = Release|Any CPU
		{2B20F519-90D1-4E38-B6ED-5F7FF816690E}.Release|Mixed Platforms.Build.0 = Release|Any CPU
		{2B20F519-90D1-4E38-B6ED-5F7FF816690E}.Release|Win32.ActiveCfg = Release|Any CPU
		{2B20F519-90D1-4E38-B6ED-5F7FF816690E}.Release|x64.ActiveCfg = Release|Any CPU
		{7A26EE99-0175-4D5B-B3FF-BA6492C4B83F}.Debug|Any CPU.ActiveCfg = Debug|Any CPU
		{7A26EE99-0175-4D5B-B3FF-BA6492C4B83F}.Debug|Any CPU.Build.0 = Debug|Any CPU
		{7A26EE99-0175-4D5B-B3FF-BA6492C4B83F}.Debug|Mixed Platforms.ActiveCfg = Debug|Any CPU
		{7A26EE99-0175-4D5B-B3FF-BA6492C4B83F}.Debug|Mixed Platforms.Build.0 = Debug|Any CPU
		{7A26EE99-0175-4D5B-B3FF-BA6492C4B83F}.Debug|Win32.ActiveCfg = Debug|Any CPU
		{7A26EE99-0175-4D5B-B3FF-BA6492C4B83F}.Debug|x64.ActiveCfg = Debug|Any CPU
		{7A26EE99-0175-4D5B-B3FF-BA6492C4B83F}.Debug|x64.Build.0 = Debug|Any CPU
		{7A26EE99-0175-4D5B-B3FF-BA6492C4B83F}.DebugMono|Any CPU.ActiveCfg = Debug|Any CPU
		{7A26EE99-0175-4D5B-B3FF-BA6492C4B83F}.DebugMono|Any CPU.Build.0 = Debug|Any CPU
		{7A26EE99-0175-4D5B-B3FF-BA6492C4B83F}.DebugMono|Mixed Platforms.ActiveCfg = Debug|Any CPU
		{7A26EE99-0175-4D5B-B3FF-BA6492C4B83F}.DebugMono|Mixed Platforms.Build.0 = Debug|Any CPU
		{7A26EE99-0175-4D5B-B3FF-BA6492C4B83F}.DebugMono|Win32.ActiveCfg = Debug|Any CPU
		{7A26EE99-0175-4D5B-B3FF-BA6492C4B83F}.DebugMono|x64.ActiveCfg = Debug|Any CPU
		{7A26EE99-0175-4D5B-B3FF-BA6492C4B83F}.DebugWin32|Any CPU.ActiveCfg = Debug|Any CPU
		{7A26EE99-0175-4D5B-B3FF-BA6492C4B83F}.DebugWin32|Any CPU.Build.0 = Debug|Any CPU
		{7A26EE99-0175-4D5B-B3FF-BA6492C4B83F}.DebugWin32|Mixed Platforms.ActiveCfg = Debug|Any CPU
		{7A26EE99-0175-4D5B-B3FF-BA6492C4B83F}.DebugWin32|Mixed Platforms.Build.0 = Debug|Any CPU
		{7A26EE99-0175-4D5B-B3FF-BA6492C4B83F}.DebugWin32|Win32.ActiveCfg = Debug|Any CPU
		{7A26EE99-0175-4D5B-B3FF-BA6492C4B83F}.DebugWin32|x64.ActiveCfg = Debug|Any CPU
		{7A26EE99-0175-4D5B-B3FF-BA6492C4B83F}.Release|Any CPU.ActiveCfg = Release|Any CPU
		{7A26EE99-0175-4D5B-B3FF-BA6492C4B83F}.Release|Any CPU.Build.0 = Release|Any CPU
		{7A26EE99-0175-4D5B-B3FF-BA6492C4B83F}.Release|Mixed Platforms.ActiveCfg = Release|Any CPU
		{7A26EE99-0175-4D5B-B3FF-BA6492C4B83F}.Release|Mixed Platforms.Build.0 = Release|Any CPU
		{7A26EE99-0175-4D5B-B3FF-BA6492C4B83F}.Release|Win32.ActiveCfg = Release|Any CPU
		{7A26EE99-0175-4D5B-B3FF-BA6492C4B83F}.Release|x64.ActiveCfg = Release|Any CPU
		{E7F48141-A2F7-4BC4-9098-1BAB46B0C659}.Debug|Any CPU.ActiveCfg = Debug|Any CPU
		{E7F48141-A2F7-4BC4-9098-1BAB46B0C659}.Debug|Any CPU.Build.0 = Debug|Any CPU
		{E7F48141-A2F7-4BC4-9098-1BAB46B0C659}.Debug|Mixed Platforms.ActiveCfg = Debug|Any CPU
		{E7F48141-A2F7-4BC4-9098-1BAB46B0C659}.Debug|Mixed Platforms.Build.0 = Debug|Any CPU
		{E7F48141-A2F7-4BC4-9098-1BAB46B0C659}.Debug|Win32.ActiveCfg = Debug|Any CPU
		{E7F48141-A2F7-4BC4-9098-1BAB46B0C659}.Debug|x64.ActiveCfg = Debug|Any CPU
		{E7F48141-A2F7-4BC4-9098-1BAB46B0C659}.Debug|x64.Build.0 = Debug|Any CPU
		{E7F48141-A2F7-4BC4-9098-1BAB46B0C659}.DebugMono|Any CPU.ActiveCfg = Debug|Any CPU
		{E7F48141-A2F7-4BC4-9098-1BAB46B0C659}.DebugMono|Any CPU.Build.0 = Debug|Any CPU
		{E7F48141-A2F7-4BC4-9098-1BAB46B0C659}.DebugMono|Mixed Platforms.ActiveCfg = Debug|Any CPU
		{E7F48141-A2F7-4BC4-9098-1BAB46B0C659}.DebugMono|Mixed Platforms.Build.0 = Debug|Any CPU
		{E7F48141-A2F7-4BC4-9098-1BAB46B0C659}.DebugMono|Win32.ActiveCfg = Debug|Any CPU
		{E7F48141-A2F7-4BC4-9098-1BAB46B0C659}.DebugMono|x64.ActiveCfg = Debug|Any CPU
		{E7F48141-A2F7-4BC4-9098-1BAB46B0C659}.DebugWin32|Any CPU.ActiveCfg = Debug|Any CPU
		{E7F48141-A2F7-4BC4-9098-1BAB46B0C659}.DebugWin32|Any CPU.Build.0 = Debug|Any CPU
		{E7F48141-A2F7-4BC4-9098-1BAB46B0C659}.DebugWin32|Mixed Platforms.ActiveCfg = Debug|Any CPU
		{E7F48141-A2F7-4BC4-9098-1BAB46B0C659}.DebugWin32|Mixed Platforms.Build.0 = Debug|Any CPU
		{E7F48141-A2F7-4BC4-9098-1BAB46B0C659}.DebugWin32|Win32.ActiveCfg = Debug|Any CPU
		{E7F48141-A2F7-4BC4-9098-1BAB46B0C659}.DebugWin32|x64.ActiveCfg = Debug|Any CPU
		{E7F48141-A2F7-4BC4-9098-1BAB46B0C659}.Release|Any CPU.ActiveCfg = Release|Any CPU
		{E7F48141-A2F7-4BC4-9098-1BAB46B0C659}.Release|Any CPU.Build.0 = Release|Any CPU
		{E7F48141-A2F7-4BC4-9098-1BAB46B0C659}.Release|Mixed Platforms.ActiveCfg = Release|Any CPU
		{E7F48141-A2F7-4BC4-9098-1BAB46B0C659}.Release|Mixed Platforms.Build.0 = Release|Any CPU
		{E7F48141-A2F7-4BC4-9098-1BAB46B0C659}.Release|Win32.ActiveCfg = Release|Any CPU
		{E7F48141-A2F7-4BC4-9098-1BAB46B0C659}.Release|x64.ActiveCfg = Release|Any CPU
		{BD2FD765-4D8E-462B-B1FD-F1F793BD8416}.Debug|Any CPU.ActiveCfg = Debug|x64
		{BD2FD765-4D8E-462B-B1FD-F1F793BD8416}.Debug|Any CPU.Build.0 = Debug|x64
		{BD2FD765-4D8E-462B-B1FD-F1F793BD8416}.Debug|Mixed Platforms.ActiveCfg = Debug|x64
		{BD2FD765-4D8E-462B-B1FD-F1F793BD8416}.Debug|Mixed Platforms.Build.0 = Debug|x64
		{BD2FD765-4D8E-462B-B1FD-F1F793BD8416}.Debug|Win32.ActiveCfg = Debug|Win32
		{BD2FD765-4D8E-462B-B1FD-F1F793BD8416}.Debug|Win32.Build.0 = Debug|Win32
		{BD2FD765-4D8E-462B-B1FD-F1F793BD8416}.Debug|x64.ActiveCfg = Debug|x64
		{BD2FD765-4D8E-462B-B1FD-F1F793BD8416}.Debug|x64.Build.0 = Debug|x64
		{BD2FD765-4D8E-462B-B1FD-F1F793BD8416}.DebugMono|Any CPU.ActiveCfg = Debug|Win32
		{BD2FD765-4D8E-462B-B1FD-F1F793BD8416}.DebugMono|Mixed Platforms.ActiveCfg = Debug|Win32
		{BD2FD765-4D8E-462B-B1FD-F1F793BD8416}.DebugMono|Mixed Platforms.Build.0 = Debug|Win32
		{BD2FD765-4D8E-462B-B1FD-F1F793BD8416}.DebugMono|Win32.ActiveCfg = Debug|Win32
		{BD2FD765-4D8E-462B-B1FD-F1F793BD8416}.DebugMono|Win32.Build.0 = Debug|Win32
		{BD2FD765-4D8E-462B-B1FD-F1F793BD8416}.DebugMono|x64.ActiveCfg = Debug|x64
		{BD2FD765-4D8E-462B-B1FD-F1F793BD8416}.DebugMono|x64.Build.0 = Debug|x64
		{BD2FD765-4D8E-462B-B1FD-F1F793BD8416}.DebugWin32|Any CPU.ActiveCfg = Debug|Win32
		{BD2FD765-4D8E-462B-B1FD-F1F793BD8416}.DebugWin32|Mixed Platforms.ActiveCfg = Debug|Win32
		{BD2FD765-4D8E-462B-B1FD-F1F793BD8416}.DebugWin32|Mixed Platforms.Build.0 = Debug|Win32
		{BD2FD765-4D8E-462B-B1FD-F1F793BD8416}.DebugWin32|Win32.ActiveCfg = Debug|Win32
		{BD2FD765-4D8E-462B-B1FD-F1F793BD8416}.DebugWin32|Win32.Build.0 = Debug|Win32
		{BD2FD765-4D8E-462B-B1FD-F1F793BD8416}.DebugWin32|x64.ActiveCfg = Debug|x64
		{BD2FD765-4D8E-462B-B1FD-F1F793BD8416}.DebugWin32|x64.Build.0 = Debug|x64
		{BD2FD765-4D8E-462B-B1FD-F1F793BD8416}.Release|Any CPU.ActiveCfg = Release|Win32
		{BD2FD765-4D8E-462B-B1FD-F1F793BD8416}.Release|Mixed Platforms.ActiveCfg = Release|Win32
		{BD2FD765-4D8E-462B-B1FD-F1F793BD8416}.Release|Mixed Platforms.Build.0 = Release|Win32
		{BD2FD765-4D8E-462B-B1FD-F1F793BD8416}.Release|Win32.ActiveCfg = Release|Win32
		{BD2FD765-4D8E-462B-B1FD-F1F793BD8416}.Release|Win32.Build.0 = Release|Win32
		{BD2FD765-4D8E-462B-B1FD-F1F793BD8416}.Release|x64.ActiveCfg = Release|x64
		{BD2FD765-4D8E-462B-B1FD-F1F793BD8416}.Release|x64.Build.0 = Release|x64
		{4E98BCE1-36B4-4D54-B79C-4E3A98DAEC86}.Debug|Any CPU.ActiveCfg = Debug|Any CPU
		{4E98BCE1-36B4-4D54-B79C-4E3A98DAEC86}.Debug|Any CPU.Build.0 = Debug|Any CPU
		{4E98BCE1-36B4-4D54-B79C-4E3A98DAEC86}.Debug|Mixed Platforms.ActiveCfg = Debug|Any CPU
		{4E98BCE1-36B4-4D54-B79C-4E3A98DAEC86}.Debug|Mixed Platforms.Build.0 = Debug|Any CPU
		{4E98BCE1-36B4-4D54-B79C-4E3A98DAEC86}.Debug|Win32.ActiveCfg = Debug|Any CPU
		{4E98BCE1-36B4-4D54-B79C-4E3A98DAEC86}.Debug|x64.ActiveCfg = Debug|Any CPU
		{4E98BCE1-36B4-4D54-B79C-4E3A98DAEC86}.Debug|x64.Build.0 = Debug|Any CPU
		{4E98BCE1-36B4-4D54-B79C-4E3A98DAEC86}.DebugMono|Any CPU.ActiveCfg = Debug|Any CPU
		{4E98BCE1-36B4-4D54-B79C-4E3A98DAEC86}.DebugMono|Any CPU.Build.0 = Debug|Any CPU
		{4E98BCE1-36B4-4D54-B79C-4E3A98DAEC86}.DebugMono|Mixed Platforms.ActiveCfg = Debug|Any CPU
		{4E98BCE1-36B4-4D54-B79C-4E3A98DAEC86}.DebugMono|Mixed Platforms.Build.0 = Debug|Any CPU
		{4E98BCE1-36B4-4D54-B79C-4E3A98DAEC86}.DebugMono|Win32.ActiveCfg = Debug|Any CPU
		{4E98BCE1-36B4-4D54-B79C-4E3A98DAEC86}.DebugMono|x64.ActiveCfg = Debug|Any CPU
		{4E98BCE1-36B4-4D54-B79C-4E3A98DAEC86}.DebugWin32|Any CPU.ActiveCfg = Debug|Any CPU
		{4E98BCE1-36B4-4D54-B79C-4E3A98DAEC86}.DebugWin32|Any CPU.Build.0 = Debug|Any CPU
		{4E98BCE1-36B4-4D54-B79C-4E3A98DAEC86}.DebugWin32|Mixed Platforms.ActiveCfg = Debug|Any CPU
		{4E98BCE1-36B4-4D54-B79C-4E3A98DAEC86}.DebugWin32|Mixed Platforms.Build.0 = Debug|Any CPU
		{4E98BCE1-36B4-4D54-B79C-4E3A98DAEC86}.DebugWin32|Win32.ActiveCfg = Debug|Any CPU
		{4E98BCE1-36B4-4D54-B79C-4E3A98DAEC86}.DebugWin32|x64.ActiveCfg = Debug|Any CPU
		{4E98BCE1-36B4-4D54-B79C-4E3A98DAEC86}.Release|Any CPU.ActiveCfg = Release|Any CPU
		{4E98BCE1-36B4-4D54-B79C-4E3A98DAEC86}.Release|Any CPU.Build.0 = Release|Any CPU
		{4E98BCE1-36B4-4D54-B79C-4E3A98DAEC86}.Release|Mixed Platforms.ActiveCfg = Release|Any CPU
		{4E98BCE1-36B4-4D54-B79C-4E3A98DAEC86}.Release|Mixed Platforms.Build.0 = Release|Any CPU
		{4E98BCE1-36B4-4D54-B79C-4E3A98DAEC86}.Release|Win32.ActiveCfg = Release|Any CPU
		{4E98BCE1-36B4-4D54-B79C-4E3A98DAEC86}.Release|x64.ActiveCfg = Release|Any CPU
		{59C4E61F-E753-4EFC-8757-0D4E00DEB1D9}.Debug|Any CPU.ActiveCfg = Debug|Any CPU
		{59C4E61F-E753-4EFC-8757-0D4E00DEB1D9}.Debug|Any CPU.Build.0 = Debug|Any CPU
		{59C4E61F-E753-4EFC-8757-0D4E00DEB1D9}.Debug|Mixed Platforms.ActiveCfg = Debug|Any CPU
		{59C4E61F-E753-4EFC-8757-0D4E00DEB1D9}.Debug|Mixed Platforms.Build.0 = Debug|Any CPU
		{59C4E61F-E753-4EFC-8757-0D4E00DEB1D9}.Debug|Win32.ActiveCfg = Debug|Any CPU
		{59C4E61F-E753-4EFC-8757-0D4E00DEB1D9}.Debug|Win32.Build.0 = Debug|Any CPU
		{59C4E61F-E753-4EFC-8757-0D4E00DEB1D9}.Debug|x64.ActiveCfg = Debug|Any CPU
		{59C4E61F-E753-4EFC-8757-0D4E00DEB1D9}.Debug|x64.Build.0 = Debug|Any CPU
		{59C4E61F-E753-4EFC-8757-0D4E00DEB1D9}.DebugMono|Any CPU.ActiveCfg = Debug|Any CPU
		{59C4E61F-E753-4EFC-8757-0D4E00DEB1D9}.DebugMono|Any CPU.Build.0 = Debug|Any CPU
		{59C4E61F-E753-4EFC-8757-0D4E00DEB1D9}.DebugMono|Mixed Platforms.ActiveCfg = Debug|Any CPU
		{59C4E61F-E753-4EFC-8757-0D4E00DEB1D9}.DebugMono|Mixed Platforms.Build.0 = Debug|Any CPU
		{59C4E61F-E753-4EFC-8757-0D4E00DEB1D9}.DebugMono|Win32.ActiveCfg = Debug|Any CPU
		{59C4E61F-E753-4EFC-8757-0D4E00DEB1D9}.DebugMono|Win32.Build.0 = Debug|Any CPU
		{59C4E61F-E753-4EFC-8757-0D4E00DEB1D9}.DebugMono|x64.ActiveCfg = Debug|Any CPU
		{59C4E61F-E753-4EFC-8757-0D4E00DEB1D9}.DebugMono|x64.Build.0 = Debug|Any CPU
		{59C4E61F-E753-4EFC-8757-0D4E00DEB1D9}.DebugWin32|Any CPU.ActiveCfg = Debug|Any CPU
		{59C4E61F-E753-4EFC-8757-0D4E00DEB1D9}.DebugWin32|Any CPU.Build.0 = Debug|Any CPU
		{59C4E61F-E753-4EFC-8757-0D4E00DEB1D9}.DebugWin32|Mixed Platforms.ActiveCfg = Debug|Any CPU
		{59C4E61F-E753-4EFC-8757-0D4E00DEB1D9}.DebugWin32|Mixed Platforms.Build.0 = Debug|Any CPU
		{59C4E61F-E753-4EFC-8757-0D4E00DEB1D9}.DebugWin32|Win32.ActiveCfg = Debug|Any CPU
		{59C4E61F-E753-4EFC-8757-0D4E00DEB1D9}.DebugWin32|Win32.Build.0 = Debug|Any CPU
		{59C4E61F-E753-4EFC-8757-0D4E00DEB1D9}.DebugWin32|x64.ActiveCfg = Debug|Any CPU
		{59C4E61F-E753-4EFC-8757-0D4E00DEB1D9}.DebugWin32|x64.Build.0 = Debug|Any CPU
		{59C4E61F-E753-4EFC-8757-0D4E00DEB1D9}.Release|Any CPU.ActiveCfg = Release|Any CPU
		{59C4E61F-E753-4EFC-8757-0D4E00DEB1D9}.Release|Any CPU.Build.0 = Release|Any CPU
		{59C4E61F-E753-4EFC-8757-0D4E00DEB1D9}.Release|Mixed Platforms.ActiveCfg = Release|Any CPU
		{59C4E61F-E753-4EFC-8757-0D4E00DEB1D9}.Release|Mixed Platforms.Build.0 = Release|Any CPU
		{59C4E61F-E753-4EFC-8757-0D4E00DEB1D9}.Release|Win32.ActiveCfg = Release|Any CPU
		{59C4E61F-E753-4EFC-8757-0D4E00DEB1D9}.Release|Win32.Build.0 = Release|Any CPU
		{59C4E61F-E753-4EFC-8757-0D4E00DEB1D9}.Release|x64.ActiveCfg = Release|Any CPU
		{59C4E61F-E753-4EFC-8757-0D4E00DEB1D9}.Release|x64.Build.0 = Release|Any CPU
		{DF9BF2BC-87A1-4A15-88B2-98BAA68ABA65}.Debug|Any CPU.ActiveCfg = Debug|Any CPU
		{DF9BF2BC-87A1-4A15-88B2-98BAA68ABA65}.Debug|Any CPU.Build.0 = Debug|Any CPU
		{DF9BF2BC-87A1-4A15-88B2-98BAA68ABA65}.Debug|Mixed Platforms.ActiveCfg = Debug|Any CPU
		{DF9BF2BC-87A1-4A15-88B2-98BAA68ABA65}.Debug|Mixed Platforms.Build.0 = Debug|Any CPU
		{DF9BF2BC-87A1-4A15-88B2-98BAA68ABA65}.Debug|Win32.ActiveCfg = Debug|Any CPU
		{DF9BF2BC-87A1-4A15-88B2-98BAA68ABA65}.Debug|x64.ActiveCfg = Debug|Any CPU
		{DF9BF2BC-87A1-4A15-88B2-98BAA68ABA65}.Debug|x64.Build.0 = Debug|Any CPU
		{DF9BF2BC-87A1-4A15-88B2-98BAA68ABA65}.DebugMono|Any CPU.ActiveCfg = Debug|Any CPU
		{DF9BF2BC-87A1-4A15-88B2-98BAA68ABA65}.DebugMono|Any CPU.Build.0 = Debug|Any CPU
		{DF9BF2BC-87A1-4A15-88B2-98BAA68ABA65}.DebugMono|Mixed Platforms.ActiveCfg = Debug|Any CPU
		{DF9BF2BC-87A1-4A15-88B2-98BAA68ABA65}.DebugMono|Mixed Platforms.Build.0 = Debug|Any CPU
		{DF9BF2BC-87A1-4A15-88B2-98BAA68ABA65}.DebugMono|Win32.ActiveCfg = Debug|Any CPU
		{DF9BF2BC-87A1-4A15-88B2-98BAA68ABA65}.DebugMono|x64.ActiveCfg = Debug|Any CPU
		{DF9BF2BC-87A1-4A15-88B2-98BAA68ABA65}.DebugWin32|Any CPU.ActiveCfg = Debug|Any CPU
		{DF9BF2BC-87A1-4A15-88B2-98BAA68ABA65}.DebugWin32|Any CPU.Build.0 = Debug|Any CPU
		{DF9BF2BC-87A1-4A15-88B2-98BAA68ABA65}.DebugWin32|Mixed Platforms.ActiveCfg = Debug|Any CPU
		{DF9BF2BC-87A1-4A15-88B2-98BAA68ABA65}.DebugWin32|Mixed Platforms.Build.0 = Debug|Any CPU
		{DF9BF2BC-87A1-4A15-88B2-98BAA68ABA65}.DebugWin32|Win32.ActiveCfg = Debug|Any CPU
		{DF9BF2BC-87A1-4A15-88B2-98BAA68ABA65}.DebugWin32|x64.ActiveCfg = Debug|Any CPU
		{DF9BF2BC-87A1-4A15-88B2-98BAA68ABA65}.Release|Any CPU.ActiveCfg = Release|Any CPU
		{DF9BF2BC-87A1-4A15-88B2-98BAA68ABA65}.Release|Any CPU.Build.0 = Release|Any CPU
		{DF9BF2BC-87A1-4A15-88B2-98BAA68ABA65}.Release|Mixed Platforms.ActiveCfg = Release|Any CPU
		{DF9BF2BC-87A1-4A15-88B2-98BAA68ABA65}.Release|Mixed Platforms.Build.0 = Release|Any CPU
		{DF9BF2BC-87A1-4A15-88B2-98BAA68ABA65}.Release|Win32.ActiveCfg = Release|Any CPU
		{DF9BF2BC-87A1-4A15-88B2-98BAA68ABA65}.Release|x64.ActiveCfg = Release|Any CPU
		{322B3B8F-7C48-46AB-A821-245C02A0549F}.Debug|Any CPU.ActiveCfg = Debug|x64
		{322B3B8F-7C48-46AB-A821-245C02A0549F}.Debug|Any CPU.Build.0 = Debug|x64
		{322B3B8F-7C48-46AB-A821-245C02A0549F}.Debug|Mixed Platforms.ActiveCfg = Debug|x64
		{322B3B8F-7C48-46AB-A821-245C02A0549F}.Debug|Mixed Platforms.Build.0 = Debug|x64
		{322B3B8F-7C48-46AB-A821-245C02A0549F}.Debug|Win32.ActiveCfg = Debug|Win32
		{322B3B8F-7C48-46AB-A821-245C02A0549F}.Debug|Win32.Build.0 = Debug|Win32
		{322B3B8F-7C48-46AB-A821-245C02A0549F}.Debug|x64.ActiveCfg = Debug|x64
		{322B3B8F-7C48-46AB-A821-245C02A0549F}.Debug|x64.Build.0 = Debug|x64
		{322B3B8F-7C48-46AB-A821-245C02A0549F}.DebugMono|Any CPU.ActiveCfg = Debug|Win32
		{322B3B8F-7C48-46AB-A821-245C02A0549F}.DebugMono|Mixed Platforms.ActiveCfg = Debug|Win32
		{322B3B8F-7C48-46AB-A821-245C02A0549F}.DebugMono|Mixed Platforms.Build.0 = Debug|Win32
		{322B3B8F-7C48-46AB-A821-245C02A0549F}.DebugMono|Win32.ActiveCfg = Debug|Win32
		{322B3B8F-7C48-46AB-A821-245C02A0549F}.DebugMono|Win32.Build.0 = Debug|Win32
		{322B3B8F-7C48-46AB-A821-245C02A0549F}.DebugMono|x64.ActiveCfg = Debug|Win32
		{322B3B8F-7C48-46AB-A821-245C02A0549F}.DebugWin32|Any CPU.ActiveCfg = Debug|Win32
		{322B3B8F-7C48-46AB-A821-245C02A0549F}.DebugWin32|Mixed Platforms.ActiveCfg = Debug|Win32
		{322B3B8F-7C48-46AB-A821-245C02A0549F}.DebugWin32|Mixed Platforms.Build.0 = Debug|Win32
		{322B3B8F-7C48-46AB-A821-245C02A0549F}.DebugWin32|Win32.ActiveCfg = Debug|Win32
		{322B3B8F-7C48-46AB-A821-245C02A0549F}.DebugWin32|Win32.Build.0 = Debug|Win32
		{322B3B8F-7C48-46AB-A821-245C02A0549F}.DebugWin32|x64.ActiveCfg = Debug|Win32
		{322B3B8F-7C48-46AB-A821-245C02A0549F}.Release|Any CPU.ActiveCfg = Release|Win32
		{322B3B8F-7C48-46AB-A821-245C02A0549F}.Release|Mixed Platforms.ActiveCfg = Release|Win32
		{322B3B8F-7C48-46AB-A821-245C02A0549F}.Release|Mixed Platforms.Build.0 = Release|Win32
		{322B3B8F-7C48-46AB-A821-245C02A0549F}.Release|Win32.ActiveCfg = Release|Win32
		{322B3B8F-7C48-46AB-A821-245C02A0549F}.Release|Win32.Build.0 = Release|Win32
		{322B3B8F-7C48-46AB-A821-245C02A0549F}.Release|x64.ActiveCfg = Release|Win32
		{774EFB9C-AA0B-4527-9546-0356CF425409}.Debug|Any CPU.ActiveCfg = Debug|x64
		{774EFB9C-AA0B-4527-9546-0356CF425409}.Debug|Any CPU.Build.0 = Debug|x64
		{774EFB9C-AA0B-4527-9546-0356CF425409}.Debug|Mixed Platforms.ActiveCfg = Debug|x64
		{774EFB9C-AA0B-4527-9546-0356CF425409}.Debug|Mixed Platforms.Build.0 = Debug|x64
		{774EFB9C-AA0B-4527-9546-0356CF425409}.Debug|Win32.ActiveCfg = Debug|Win32
		{774EFB9C-AA0B-4527-9546-0356CF425409}.Debug|Win32.Build.0 = Debug|Win32
		{774EFB9C-AA0B-4527-9546-0356CF425409}.Debug|x64.ActiveCfg = Debug|x64
		{774EFB9C-AA0B-4527-9546-0356CF425409}.Debug|x64.Build.0 = Debug|x64
		{774EFB9C-AA0B-4527-9546-0356CF425409}.DebugMono|Any CPU.ActiveCfg = Debug|Win32
		{774EFB9C-AA0B-4527-9546-0356CF425409}.DebugMono|Mixed Platforms.ActiveCfg = Debug|Win32
		{774EFB9C-AA0B-4527-9546-0356CF425409}.DebugMono|Mixed Platforms.Build.0 = Debug|Win32
		{774EFB9C-AA0B-4527-9546-0356CF425409}.DebugMono|Win32.ActiveCfg = Debug|Win32
		{774EFB9C-AA0B-4527-9546-0356CF425409}.DebugMono|Win32.Build.0 = Debug|Win32
		{774EFB9C-AA0B-4527-9546-0356CF425409}.DebugMono|x64.ActiveCfg = Debug|x64
		{774EFB9C-AA0B-4527-9546-0356CF425409}.DebugMono|x64.Build.0 = Debug|x64
		{774EFB9C-AA0B-4527-9546-0356CF425409}.DebugWin32|Any CPU.ActiveCfg = Debug|Win32
		{774EFB9C-AA0B-4527-9546-0356CF425409}.DebugWin32|Mixed Platforms.ActiveCfg = Debug|Win32
		{774EFB9C-AA0B-4527-9546-0356CF425409}.DebugWin32|Mixed Platforms.Build.0 = Debug|Win32
		{774EFB9C-AA0B-4527-9546-0356CF425409}.DebugWin32|Win32.ActiveCfg = Debug|Win32
		{774EFB9C-AA0B-4527-9546-0356CF425409}.DebugWin32|Win32.Build.0 = Debug|Win32
		{774EFB9C-AA0B-4527-9546-0356CF425409}.DebugWin32|x64.ActiveCfg = Debug|x64
		{774EFB9C-AA0B-4527-9546-0356CF425409}.DebugWin32|x64.Build.0 = Debug|x64
		{774EFB9C-AA0B-4527-9546-0356CF425409}.Release|Any CPU.ActiveCfg = Release|Win32
		{774EFB9C-AA0B-4527-9546-0356CF425409}.Release|Mixed Platforms.ActiveCfg = Release|Win32
		{774EFB9C-AA0B-4527-9546-0356CF425409}.Release|Mixed Platforms.Build.0 = Release|Win32
		{774EFB9C-AA0B-4527-9546-0356CF425409}.Release|Win32.ActiveCfg = Release|Win32
		{774EFB9C-AA0B-4527-9546-0356CF425409}.Release|Win32.Build.0 = Release|Win32
		{774EFB9C-AA0B-4527-9546-0356CF425409}.Release|x64.ActiveCfg = Release|x64
		{774EFB9C-AA0B-4527-9546-0356CF425409}.Release|x64.Build.0 = Release|x64
		{46B44F14-1136-4729-B8BB-43DE0104180C}.Debug|Any CPU.ActiveCfg = Debug|Any CPU
		{46B44F14-1136-4729-B8BB-43DE0104180C}.Debug|Any CPU.Build.0 = Debug|Any CPU
		{46B44F14-1136-4729-B8BB-43DE0104180C}.Debug|Mixed Platforms.ActiveCfg = Debug|Any CPU
		{46B44F14-1136-4729-B8BB-43DE0104180C}.Debug|Mixed Platforms.Build.0 = Debug|Any CPU
		{46B44F14-1136-4729-B8BB-43DE0104180C}.Debug|Win32.ActiveCfg = Debug|Any CPU
		{46B44F14-1136-4729-B8BB-43DE0104180C}.Debug|x64.ActiveCfg = Debug|Any CPU
		{46B44F14-1136-4729-B8BB-43DE0104180C}.DebugMono|Any CPU.ActiveCfg = Debug|Any CPU
		{46B44F14-1136-4729-B8BB-43DE0104180C}.DebugMono|Any CPU.Build.0 = Debug|Any CPU
		{46B44F14-1136-4729-B8BB-43DE0104180C}.DebugMono|Mixed Platforms.ActiveCfg = Debug|Any CPU
		{46B44F14-1136-4729-B8BB-43DE0104180C}.DebugMono|Mixed Platforms.Build.0 = Debug|Any CPU
		{46B44F14-1136-4729-B8BB-43DE0104180C}.DebugMono|Win32.ActiveCfg = Debug|Any CPU
		{46B44F14-1136-4729-B8BB-43DE0104180C}.DebugMono|x64.ActiveCfg = Debug|Any CPU
		{46B44F14-1136-4729-B8BB-43DE0104180C}.DebugWin32|Any CPU.ActiveCfg = Debug|Any CPU
		{46B44F14-1136-4729-B8BB-43DE0104180C}.DebugWin32|Any CPU.Build.0 = Debug|Any CPU
		{46B44F14-1136-4729-B8BB-43DE0104180C}.DebugWin32|Mixed Platforms.ActiveCfg = Debug|Any CPU
		{46B44F14-1136-4729-B8BB-43DE0104180C}.DebugWin32|Mixed Platforms.Build.0 = Debug|Any CPU
		{46B44F14-1136-4729-B8BB-43DE0104180C}.DebugWin32|Win32.ActiveCfg = Debug|Any CPU
		{46B44F14-1136-4729-B8BB-43DE0104180C}.DebugWin32|x64.ActiveCfg = Debug|Any CPU
		{46B44F14-1136-4729-B8BB-43DE0104180C}.Release|Any CPU.ActiveCfg = Release|Any CPU
		{46B44F14-1136-4729-B8BB-43DE0104180C}.Release|Any CPU.Build.0 = Release|Any CPU
		{46B44F14-1136-4729-B8BB-43DE0104180C}.Release|Mixed Platforms.ActiveCfg = Release|Any CPU
		{46B44F14-1136-4729-B8BB-43DE0104180C}.Release|Mixed Platforms.Build.0 = Release|Any CPU
		{46B44F14-1136-4729-B8BB-43DE0104180C}.Release|Win32.ActiveCfg = Release|Any CPU
		{46B44F14-1136-4729-B8BB-43DE0104180C}.Release|x64.ActiveCfg = Release|Any CPU
	EndGlobalSection
	GlobalSection(SolutionProperties) = preSolution
		HideSolutionNode = FALSE
	EndGlobalSection
EndGlobal
